// !$*UTF8*$!
{
	archiveVersion = 1;
	classes = {
	};
	objectVersion = 70;
	objects = {

/* Begin PBXBuildFile section */
		7E041C282C91F5BD0015FB26 /* AppDelegate.swift in Sources */ = {isa = PBXBuildFile; fileRef = 7E041C272C91F5BD0015FB26 /* AppDelegate.swift */; };
		7E041C2A2C91F5BD0015FB26 /* SceneDelegate.swift in Sources */ = {isa = PBXBuildFile; fileRef = 7E041C292C91F5BD0015FB26 /* SceneDelegate.swift */; };
		7E041C2C2C91F5BD0015FB26 /* ListViewController.swift in Sources */ = {isa = PBXBuildFile; fileRef = 7E041C2B2C91F5BD0015FB26 /* ListViewController.swift */; };
		7E041C312C91F5C00015FB26 /* Assets.xcassets in Resources */ = {isa = PBXBuildFile; fileRef = 7E041C302C91F5C00015FB26 /* Assets.xcassets */; };
		7E041C342C91F5C00015FB26 /* Base in Resources */ = {isa = PBXBuildFile; fileRef = 7E041C332C91F5C00015FB26 /* Base */; };
		7E041C3C2C9727580015FB26 /* ListTableViewCell.swift in Sources */ = {isa = PBXBuildFile; fileRef = 7E041C3B2C9727580015FB26 /* ListTableViewCell.swift */; };
		7E107F262CAAE98B000FAEBD /* Localizable.xcstrings in Resources */ = {isa = PBXBuildFile; fileRef = 7E107F252CAAE98B000FAEBD /* Localizable.xcstrings */; };
		7E107F482CF3714F000FAEBD /* Localization.swift in Sources */ = {isa = PBXBuildFile; fileRef = 7E107F472CF3714F000FAEBD /* Localization.swift */; };
		7E57E4972D8841D70046808F /* NetworkModels.swift in Sources */ = {isa = PBXBuildFile; fileRef = 7E57E4962D8841D70046808F /* NetworkModels.swift */; };
		7E57E4A02D8876780046808F /* NetworkService.swift in Sources */ = {isa = PBXBuildFile; fileRef = 7E57E49F2D88765E0046808F /* NetworkService.swift */; };
		7E57E4A52D94605D0046808F /* AddWordViewController.swift in Sources */ = {isa = PBXBuildFile; fileRef = 7E57E4A42D94605D0046808F /* AddWordViewController.swift */; };
		7E57E4A82DA426A80046808F /* NetworkServiceError.swift in Sources */ = {isa = PBXBuildFile; fileRef = 7E57E4A72DA426A10046808F /* NetworkServiceError.swift */; };
		7EDF1F8A2DB9277200A05AB9 /* WordModels.swift in Sources */ = {isa = PBXBuildFile; fileRef = 7EDF1F892DB9267D00A05AB9 /* WordModels.swift */; };
/* End PBXBuildFile section */

/* Begin PBXFileReference section */
		7E041C242C91F5BD0015FB26 /* Vocabulary.app */ = {isa = PBXFileReference; explicitFileType = wrapper.application; includeInIndex = 0; path = Vocabulary.app; sourceTree = BUILT_PRODUCTS_DIR; };
		7E041C272C91F5BD0015FB26 /* AppDelegate.swift */ = {isa = PBXFileReference; lastKnownFileType = sourcecode.swift; path = AppDelegate.swift; sourceTree = "<group>"; };
		7E041C292C91F5BD0015FB26 /* SceneDelegate.swift */ = {isa = PBXFileReference; lastKnownFileType = sourcecode.swift; path = SceneDelegate.swift; sourceTree = "<group>"; };
		7E041C2B2C91F5BD0015FB26 /* ListViewController.swift */ = {isa = PBXFileReference; lastKnownFileType = sourcecode.swift; path = ListViewController.swift; sourceTree = "<group>"; };
		7E041C302C91F5C00015FB26 /* Assets.xcassets */ = {isa = PBXFileReference; lastKnownFileType = folder.assetcatalog; path = Assets.xcassets; sourceTree = "<group>"; };
		7E041C332C91F5C00015FB26 /* Base */ = {isa = PBXFileReference; lastKnownFileType = file.storyboard; name = Base; path = Base.lproj/LaunchScreen.storyboard; sourceTree = "<group>"; };
		7E041C352C91F5C00015FB26 /* Info.plist */ = {isa = PBXFileReference; lastKnownFileType = text.plist.xml; path = Info.plist; sourceTree = "<group>"; };
		7E041C3B2C9727580015FB26 /* ListTableViewCell.swift */ = {isa = PBXFileReference; lastKnownFileType = sourcecode.swift; path = ListTableViewCell.swift; sourceTree = "<group>"; };
		7E107F242CAAE930000FAEBD /* ru */ = {isa = PBXFileReference; lastKnownFileType = text.plist.strings; name = ru; path = ru.lproj/LaunchScreen.strings; sourceTree = "<group>"; };
		7E107F252CAAE98B000FAEBD /* Localizable.xcstrings */ = {isa = PBXFileReference; lastKnownFileType = text.json.xcstrings; path = Localizable.xcstrings; sourceTree = "<group>"; };
		7E107F472CF3714F000FAEBD /* Localization.swift */ = {isa = PBXFileReference; lastKnownFileType = sourcecode.swift; path = Localization.swift; sourceTree = "<group>"; };
		7E57E4962D8841D70046808F /* NetworkModels.swift */ = {isa = PBXFileReference; lastKnownFileType = sourcecode.swift; path = NetworkModels.swift; sourceTree = "<group>"; };
		7E57E49F2D88765E0046808F /* NetworkService.swift */ = {isa = PBXFileReference; lastKnownFileType = sourcecode.swift; path = NetworkService.swift; sourceTree = "<group>"; };
		7E57E4A42D94605D0046808F /* AddWordViewController.swift */ = {isa = PBXFileReference; lastKnownFileType = sourcecode.swift; path = AddWordViewController.swift; sourceTree = "<group>"; };
		7E57E4A72DA426A10046808F /* NetworkServiceError.swift */ = {isa = PBXFileReference; lastKnownFileType = sourcecode.swift; path = NetworkServiceError.swift; sourceTree = "<group>"; };
		7EDF1F892DB9267D00A05AB9 /* WordModels.swift */ = {isa = PBXFileReference; lastKnownFileType = sourcecode.swift; path = WordModels.swift; sourceTree = "<group>"; };
/* End PBXFileReference section */

/* Begin PBXFileSystemSynchronizedRootGroup section */
		7E2D8A3E2DE36A8300CDF73C /* Storage */ = {isa = PBXFileSystemSynchronizedRootGroup; explicitFileTypes = {}; explicitFolders = (); path = Storage; sourceTree = "<group>"; };
/* End PBXFileSystemSynchronizedRootGroup section */

/* Begin PBXFrameworksBuildPhase section */
		7E041C212C91F5BD0015FB26 /* Frameworks */ = {
			isa = PBXFrameworksBuildPhase;
			buildActionMask = 2147483647;
			files = (
			);
			runOnlyForDeploymentPostprocessing = 0;
		};
/* End PBXFrameworksBuildPhase section */

/* Begin PBXGroup section */
		7E041C1B2C91F5BD0015FB26 = {
			isa = PBXGroup;
			children = (
				7E041C262C91F5BD0015FB26 /* Vocabulary */,
				7E041C252C91F5BD0015FB26 /* Products */,
			);
			sourceTree = "<group>";
		};
		7E041C252C91F5BD0015FB26 /* Products */ = {
			isa = PBXGroup;
			children = (
				7E041C242C91F5BD0015FB26 /* Vocabulary.app */,
			);
			name = Products;
			sourceTree = "<group>";
		};
		7E041C262C91F5BD0015FB26 /* Vocabulary */ = {
			isa = PBXGroup;
			children = (
				7E2D8A3E2DE36A8300CDF73C /* Storage */,
				7E2D8A262DE35FF000CDF73C /* Delegates */,
				7E2D8A272DE3619600CDF73C /* Screens */,
				7E2D8A252DE35FB300CDF73C /* Localization */,
				7E57E4A12D8877C40046808F /* Services */,
				7E2D8A2B2DE365BD00CDF73C /* Resourses */,
			);
			path = Vocabulary;
			sourceTree = "<group>";
		};
		7E2D8A252DE35FB300CDF73C /* Localization */ = {
			isa = PBXGroup;
			children = (
				7E107F472CF3714F000FAEBD /* Localization.swift */,
				7E107F252CAAE98B000FAEBD /* Localizable.xcstrings */,
			);
			path = Localization;
			sourceTree = "<group>";
		};
		7E2D8A262DE35FF000CDF73C /* Delegates */ = {
			isa = PBXGroup;
			children = (
				7E041C292C91F5BD0015FB26 /* SceneDelegate.swift */,
				7E041C272C91F5BD0015FB26 /* AppDelegate.swift */,
			);
			path = Delegates;
			sourceTree = "<group>";
		};
		7E2D8A272DE3619600CDF73C /* Screens */ = {
			isa = PBXGroup;
			children = (
				7E2D8A292DE3627900CDF73C /* ListScreens */,
				7E2D8A282DE3624D00CDF73C /* AddWordScreen */,
			);
			path = Screens;
			sourceTree = "<group>";
		};
		7E2D8A282DE3624D00CDF73C /* AddWordScreen */ = {
			isa = PBXGroup;
			children = (
				7E57E4A42D94605D0046808F /* AddWordViewController.swift */,
			);
			path = AddWordScreen;
			sourceTree = "<group>";
		};
		7E2D8A292DE3627900CDF73C /* ListScreens */ = {
			isa = PBXGroup;
			children = (
				7E041C2B2C91F5BD0015FB26 /* ListViewController.swift */,
				7E041C3B2C9727580015FB26 /* ListTableViewCell.swift */,
				7EDF1F892DB9267D00A05AB9 /* WordModels.swift */,
			);
			path = ListScreens;
			sourceTree = "<group>";
		};
		7E2D8A2B2DE365BD00CDF73C /* Resourses */ = {
			isa = PBXGroup;
			children = (
				7E041C302C91F5C00015FB26 /* Assets.xcassets */,
				7E041C322C91F5C00015FB26 /* LaunchScreen.storyboard */,
				7E041C352C91F5C00015FB26 /* Info.plist */,
			);
			path = Resourses;
			sourceTree = "<group>";
		};
		7E57E4A12D8877C40046808F /* Services */ = {
			isa = PBXGroup;
			children = (
				7E57E4A62DA426480046808F /* NetworkService */,
			);
			path = Services;
			sourceTree = "<group>";
		};
		7E57E4A62DA426480046808F /* NetworkService */ = {
			isa = PBXGroup;
			children = (
				7E57E4A72DA426A10046808F /* NetworkServiceError.swift */,
				7E57E4962D8841D70046808F /* NetworkModels.swift */,
				7E57E49F2D88765E0046808F /* NetworkService.swift */,
			);
			path = NetworkService;
			sourceTree = "<group>";
		};
/* End PBXGroup section */

/* Begin PBXNativeTarget section */
		7E041C232C91F5BD0015FB26 /* Vocabulary */ = {
			isa = PBXNativeTarget;
			buildConfigurationList = 7E041C382C91F5C00015FB26 /* Build configuration list for PBXNativeTarget "Vocabulary" */;
			buildPhases = (
				7E041C202C91F5BD0015FB26 /* Sources */,
				7E041C212C91F5BD0015FB26 /* Frameworks */,
				7E041C222C91F5BD0015FB26 /* Resources */,
			);
			buildRules = (
			);
			dependencies = (
			);
			fileSystemSynchronizedGroups = (
				7E2D8A3E2DE36A8300CDF73C /* Storage */,
			);
			name = Vocabulary;
			productName = Vocabulary;
			productReference = 7E041C242C91F5BD0015FB26 /* Vocabulary.app */;
			productType = "com.apple.product-type.application";
		};
/* End PBXNativeTarget section */

/* Begin PBXProject section */
		7E041C1C2C91F5BD0015FB26 /* Project object */ = {
			isa = PBXProject;
			attributes = {
				BuildIndependentTargetsInParallel = 1;
				LastSwiftUpdateCheck = 1540;
				LastUpgradeCheck = 1540;
				TargetAttributes = {
					7E041C232C91F5BD0015FB26 = {
						CreatedOnToolsVersion = 15.4;
					};
				};
			};
			buildConfigurationList = 7E041C1F2C91F5BD0015FB26 /* Build configuration list for PBXProject "Vocabulary" */;
			compatibilityVersion = "Xcode 14.0";
			developmentRegion = en;
			hasScannedForEncodings = 0;
			knownRegions = (
				en,
				Base,
				ru,
			);
			mainGroup = 7E041C1B2C91F5BD0015FB26;
			productRefGroup = 7E041C252C91F5BD0015FB26 /* Products */;
			projectDirPath = "";
			projectRoot = "";
			targets = (
				7E041C232C91F5BD0015FB26 /* Vocabulary */,
			);
		};
/* End PBXProject section */

/* Begin PBXResourcesBuildPhase section */
		7E041C222C91F5BD0015FB26 /* Resources */ = {
			isa = PBXResourcesBuildPhase;
			buildActionMask = 2147483647;
			files = (
				7E041C312C91F5C00015FB26 /* Assets.xcassets in Resources */,
				7E041C342C91F5C00015FB26 /* Base in Resources */,
				7E107F262CAAE98B000FAEBD /* Localizable.xcstrings in Resources */,
			);
			runOnlyForDeploymentPostprocessing = 0;
		};
/* End PBXResourcesBuildPhase section */

/* Begin PBXSourcesBuildPhase section */
		7E041C202C91F5BD0015FB26 /* Sources */ = {
			isa = PBXSourcesBuildPhase;
			buildActionMask = 2147483647;
			files = (
				7E041C2C2C91F5BD0015FB26 /* ListViewController.swift in Sources */,
				7E57E4A82DA426A80046808F /* NetworkServiceError.swift in Sources */,
				7E57E4A02D8876780046808F /* NetworkService.swift in Sources */,
				7E57E4A52D94605D0046808F /* AddWordViewController.swift in Sources */,
				7E107F482CF3714F000FAEBD /* Localization.swift in Sources */,
				7E041C3C2C9727580015FB26 /* ListTableViewCell.swift in Sources */,
				7EDF1F8A2DB9277200A05AB9 /* WordModels.swift in Sources */,
				7E57E4972D8841D70046808F /* NetworkModels.swift in Sources */,
				7E041C282C91F5BD0015FB26 /* AppDelegate.swift in Sources */,
				7E041C2A2C91F5BD0015FB26 /* SceneDelegate.swift in Sources */,
			);
			runOnlyForDeploymentPostprocessing = 0;
		};
/* End PBXSourcesBuildPhase section */

/* Begin PBXVariantGroup section */
		7E041C322C91F5C00015FB26 /* LaunchScreen.storyboard */ = {
			isa = PBXVariantGroup;
			children = (
				7E041C332C91F5C00015FB26 /* Base */,
				7E107F242CAAE930000FAEBD /* ru */,
			);
			name = LaunchScreen.storyboard;
			sourceTree = "<group>";
		};
/* End PBXVariantGroup section */

/* Begin XCBuildConfiguration section */
		7E041C362C91F5C00015FB26 /* Debug */ = {
			isa = XCBuildConfiguration;
			buildSettings = {
				ALWAYS_SEARCH_USER_PATHS = NO;
				ASSETCATALOG_COMPILER_GENERATE_SWIFT_ASSET_SYMBOL_EXTENSIONS = YES;
				CLANG_ANALYZER_LOCALIZABILITY_NONLOCALIZED = YES;
				CLANG_ANALYZER_NONNULL = YES;
				CLANG_ANALYZER_NUMBER_OBJECT_CONVERSION = YES_AGGRESSIVE;
				CLANG_CXX_LANGUAGE_STANDARD = "gnu++20";
				CLANG_ENABLE_MODULES = YES;
				CLANG_ENABLE_OBJC_ARC = YES;
				CLANG_ENABLE_OBJC_WEAK = YES;
				CLANG_WARN_BLOCK_CAPTURE_AUTORELEASING = YES;
				CLANG_WARN_BOOL_CONVERSION = YES;
				CLANG_WARN_COMMA = YES;
				CLANG_WARN_CONSTANT_CONVERSION = YES;
				CLANG_WARN_DEPRECATED_OBJC_IMPLEMENTATIONS = YES;
				CLANG_WARN_DIRECT_OBJC_ISA_USAGE = YES_ERROR;
				CLANG_WARN_DOCUMENTATION_COMMENTS = YES;
				CLANG_WARN_EMPTY_BODY = YES;
				CLANG_WARN_ENUM_CONVERSION = YES;
				CLANG_WARN_INFINITE_RECURSION = YES;
				CLANG_WARN_INT_CONVERSION = YES;
				CLANG_WARN_NON_LITERAL_NULL_CONVERSION = YES;
				CLANG_WARN_OBJC_IMPLICIT_RETAIN_SELF = YES;
				CLANG_WARN_OBJC_LITERAL_CONVERSION = YES;
				CLANG_WARN_OBJC_ROOT_CLASS = YES_ERROR;
				CLANG_WARN_QUOTED_INCLUDE_IN_FRAMEWORK_HEADER = YES;
				CLANG_WARN_RANGE_LOOP_ANALYSIS = YES;
				CLANG_WARN_STRICT_PROTOTYPES = YES;
				CLANG_WARN_SUSPICIOUS_MOVE = YES;
				CLANG_WARN_UNGUARDED_AVAILABILITY = YES_AGGRESSIVE;
				CLANG_WARN_UNREACHABLE_CODE = YES;
				CLANG_WARN__DUPLICATE_METHOD_MATCH = YES;
				COPY_PHASE_STRIP = NO;
				DEBUG_INFORMATION_FORMAT = dwarf;
				ENABLE_STRICT_OBJC_MSGSEND = YES;
				ENABLE_TESTABILITY = YES;
				ENABLE_USER_SCRIPT_SANDBOXING = YES;
				GCC_C_LANGUAGE_STANDARD = gnu17;
				GCC_DYNAMIC_NO_PIC = NO;
				GCC_NO_COMMON_BLOCKS = YES;
				GCC_OPTIMIZATION_LEVEL = 0;
				GCC_PREPROCESSOR_DEFINITIONS = (
					"DEBUG=1",
					"$(inherited)",
				);
				GCC_WARN_64_TO_32_BIT_CONVERSION = YES;
				GCC_WARN_ABOUT_RETURN_TYPE = YES_ERROR;
				GCC_WARN_UNDECLARED_SELECTOR = YES;
				GCC_WARN_UNINITIALIZED_AUTOS = YES_AGGRESSIVE;
				GCC_WARN_UNUSED_FUNCTION = YES;
				GCC_WARN_UNUSED_VARIABLE = YES;
				IPHONEOS_DEPLOYMENT_TARGET = 17.0;
				LOCALIZATION_PREFERS_STRING_CATALOGS = YES;
				MTL_ENABLE_DEBUG_INFO = INCLUDE_SOURCE;
				MTL_FAST_MATH = YES;
				ONLY_ACTIVE_ARCH = YES;
				SDKROOT = iphoneos;
				SWIFT_ACTIVE_COMPILATION_CONDITIONS = "DEBUG $(inherited)";
				SWIFT_OPTIMIZATION_LEVEL = "-Onone";
			};
			name = Debug;
		};
		7E041C372C91F5C00015FB26 /* Release */ = {
			isa = XCBuildConfiguration;
			buildSettings = {
				ALWAYS_SEARCH_USER_PATHS = NO;
				ASSETCATALOG_COMPILER_GENERATE_SWIFT_ASSET_SYMBOL_EXTENSIONS = YES;
				CLANG_ANALYZER_LOCALIZABILITY_NONLOCALIZED = YES;
				CLANG_ANALYZER_NONNULL = YES;
				CLANG_ANALYZER_NUMBER_OBJECT_CONVERSION = YES_AGGRESSIVE;
				CLANG_CXX_LANGUAGE_STANDARD = "gnu++20";
				CLANG_ENABLE_MODULES = YES;
				CLANG_ENABLE_OBJC_ARC = YES;
				CLANG_ENABLE_OBJC_WEAK = YES;
				CLANG_WARN_BLOCK_CAPTURE_AUTORELEASING = YES;
				CLANG_WARN_BOOL_CONVERSION = YES;
				CLANG_WARN_COMMA = YES;
				CLANG_WARN_CONSTANT_CONVERSION = YES;
				CLANG_WARN_DEPRECATED_OBJC_IMPLEMENTATIONS = YES;
				CLANG_WARN_DIRECT_OBJC_ISA_USAGE = YES_ERROR;
				CLANG_WARN_DOCUMENTATION_COMMENTS = YES;
				CLANG_WARN_EMPTY_BODY = YES;
				CLANG_WARN_ENUM_CONVERSION = YES;
				CLANG_WARN_INFINITE_RECURSION = YES;
				CLANG_WARN_INT_CONVERSION = YES;
				CLANG_WARN_NON_LITERAL_NULL_CONVERSION = YES;
				CLANG_WARN_OBJC_IMPLICIT_RETAIN_SELF = YES;
				CLANG_WARN_OBJC_LITERAL_CONVERSION = YES;
				CLANG_WARN_OBJC_ROOT_CLASS = YES_ERROR;
				CLANG_WARN_QUOTED_INCLUDE_IN_FRAMEWORK_HEADER = YES;
				CLANG_WARN_RANGE_LOOP_ANALYSIS = YES;
				CLANG_WARN_STRICT_PROTOTYPES = YES;
				CLANG_WARN_SUSPICIOUS_MOVE = YES;
				CLANG_WARN_UNGUARDED_AVAILABILITY = YES_AGGRESSIVE;
				CLANG_WARN_UNREACHABLE_CODE = YES;
				CLANG_WARN__DUPLICATE_METHOD_MATCH = YES;
				COPY_PHASE_STRIP = NO;
				DEBUG_INFORMATION_FORMAT = "dwarf-with-dsym";
				ENABLE_NS_ASSERTIONS = NO;
				ENABLE_STRICT_OBJC_MSGSEND = YES;
				ENABLE_USER_SCRIPT_SANDBOXING = YES;
				GCC_C_LANGUAGE_STANDARD = gnu17;
				GCC_NO_COMMON_BLOCKS = YES;
				GCC_WARN_64_TO_32_BIT_CONVERSION = YES;
				GCC_WARN_ABOUT_RETURN_TYPE = YES_ERROR;
				GCC_WARN_UNDECLARED_SELECTOR = YES;
				GCC_WARN_UNINITIALIZED_AUTOS = YES_AGGRESSIVE;
				GCC_WARN_UNUSED_FUNCTION = YES;
				GCC_WARN_UNUSED_VARIABLE = YES;
				IPHONEOS_DEPLOYMENT_TARGET = 17.0;
				LOCALIZATION_PREFERS_STRING_CATALOGS = YES;
				MTL_ENABLE_DEBUG_INFO = NO;
				MTL_FAST_MATH = YES;
				SDKROOT = iphoneos;
				SWIFT_COMPILATION_MODE = wholemodule;
				VALIDATE_PRODUCT = YES;
			};
			name = Release;
		};
		7E041C392C91F5C00015FB26 /* Debug */ = {
			isa = XCBuildConfiguration;
			buildSettings = {
				ASSETCATALOG_COMPILER_APPICON_NAME = AppIcon;
				ASSETCATALOG_COMPILER_GLOBAL_ACCENT_COLOR_NAME = AccentColor;
				CODE_SIGN_STYLE = Automatic;
				CURRENT_PROJECT_VERSION = 1;
				DEVELOPMENT_TEAM = 7G759FHJNT;
				GENERATE_INFOPLIST_FILE = YES;
				INFOPLIST_FILE = Vocabulary/Resourses/Info.plist;
				INFOPLIST_KEY_UIApplicationSupportsIndirectInputEvents = YES;
				INFOPLIST_KEY_UILaunchStoryboardName = LaunchScreen;
				INFOPLIST_KEY_UISupportedInterfaceOrientations_iPad = "UIInterfaceOrientationPortrait UIInterfaceOrientationPortraitUpsideDown UIInterfaceOrientationLandscapeLeft UIInterfaceOrientationLandscapeRight";
				INFOPLIST_KEY_UISupportedInterfaceOrientations_iPhone = "UIInterfaceOrientationPortrait UIInterfaceOrientationLandscapeLeft UIInterfaceOrientationLandscapeRight";
				IPHONEOS_DEPLOYMENT_TARGET = 17.0;
				LD_RUNPATH_SEARCH_PATHS = (
					"$(inherited)",
					"@executable_path/Frameworks",
				);
				MARKETING_VERSION = 1.0;
				PRODUCT_BUNDLE_IDENTIFIER = frame.school.Vocabulary;
				PRODUCT_NAME = "$(TARGET_NAME)";
				SWIFT_EMIT_LOC_STRINGS = YES;
				SWIFT_VERSION = 5.0;
				TARGETED_DEVICE_FAMILY = "1,2";
			};
			name = Debug;
		};
		7E041C3A2C91F5C00015FB26 /* Release */ = {
			isa = XCBuildConfiguration;
			buildSettings = {
				ASSETCATALOG_COMPILER_APPICON_NAME = AppIcon;
				ASSETCATALOG_COMPILER_GLOBAL_ACCENT_COLOR_NAME = AccentColor;
				CODE_SIGN_STYLE = Automatic;
				CURRENT_PROJECT_VERSION = 1;
				DEVELOPMENT_TEAM = 7G759FHJNT;
				GENERATE_INFOPLIST_FILE = YES;
				INFOPLIST_FILE = Vocabulary/Resourses/Info.plist;
				INFOPLIST_KEY_UIApplicationSupportsIndirectInputEvents = YES;
				INFOPLIST_KEY_UILaunchStoryboardName = LaunchScreen;
				INFOPLIST_KEY_UISupportedInterfaceOrientations_iPad = "UIInterfaceOrientationPortrait UIInterfaceOrientationPortraitUpsideDown UIInterfaceOrientationLandscapeLeft UIInterfaceOrientationLandscapeRight";
				INFOPLIST_KEY_UISupportedInterfaceOrientations_iPhone = "UIInterfaceOrientationPortrait UIInterfaceOrientationLandscapeLeft UIInterfaceOrientationLandscapeRight";
				IPHONEOS_DEPLOYMENT_TARGET = 17.0;
				LD_RUNPATH_SEARCH_PATHS = (
					"$(inherited)",
					"@executable_path/Frameworks",
				);
				MARKETING_VERSION = 1.0;
				PRODUCT_BUNDLE_IDENTIFIER = frame.school.Vocabulary;
				PRODUCT_NAME = "$(TARGET_NAME)";
				SWIFT_EMIT_LOC_STRINGS = YES;
				SWIFT_VERSION = 5.0;
				TARGETED_DEVICE_FAMILY = "1,2";
			};
			name = Release;
		};
/* End XCBuildConfiguration section */

/* Begin XCConfigurationList section */
		7E041C1F2C91F5BD0015FB26 /* Build configuration list for PBXProject "Vocabulary" */ = {
			isa = XCConfigurationList;
			buildConfigurations = (
				7E041C362C91F5C00015FB26 /* Debug */,
				7E041C372C91F5C00015FB26 /* Release */,
			);
			defaultConfigurationIsVisible = 0;
			defaultConfigurationName = Release;
		};
		7E041C382C91F5C00015FB26 /* Build configuration list for PBXNativeTarget "Vocabulary" */ = {
			isa = XCConfigurationList;
			buildConfigurations = (
				7E041C392C91F5C00015FB26 /* Debug */,
				7E041C3A2C91F5C00015FB26 /* Release */,
			);
			defaultConfigurationIsVisible = 0;
			defaultConfigurationName = Release;
		};
/* End XCConfigurationList section */
	};
	rootObject = 7E041C1C2C91F5BD0015FB26 /* Project object */;
}
